
Microsoft Visual Studio Solution File, Format Version 12.00
# Visual Studio Version 16
VisualStudioVersion = 16.0.30523.141
MinimumVisualStudioVersion = 10.0.40219.1
Project("{FAE04EC0-301F-11D3-BF4B-00C04F79EFBC}") = "Currency App", "Currency App\Currency App.csproj", "{DFB0EA87-7E6C-44E2-8280-FB5CA484EFF0}"
EndProject
Project("{2150E333-8FDC-42A3-9474-1A3956D46DE8}") = "Solution Items", "Solution Items", "{4C63C59C-F079-43F0-9960-59A477C169E4}"
	ProjectSection(SolutionItems) = preProject
		Readme.md = Readme.md
	EndProjectSection
EndProject
Global
	GlobalSection(SolutionConfigurationPlatforms) = preSolution
		Debug|Any CPU = Debug|Any CPU
		Release|Any CPU = Release|Any CPU
	EndGlobalSection
	GlobalSection(ProjectConfigurationPlatforms) = postSolution
		{DFB0EA87-7E6C-44E2-8280-FB5CA484EFF0}.Debug|Any CPU.ActiveCfg = Debug|Any CPU
		{DFB0EA87-7E6C-44E2-8280-FB5CA484EFF0}.Debug|Any CPU.Build.0 = Debug|Any CPU
		{DFB0EA87-7E6C-44E2-8280-FB5CA484EFF0}.Release|Any CPU.ActiveCfg = Release|Any CPU
		{DFB0EA87-7E6C-44E2-8280-FB5CA484EFF0}.Release|Any CPU.Build.0 = Release|Any CPU
	EndGlobalSection
	GlobalSection(SolutionProperties) = preSolution
		HideSolutionNode = FALSE
	EndGlobalSection
	GlobalSection(ExtensibilityGlobals) = postSolution
		SolutionGuid = {508EDCF1-D137-4408-ABEF-E809985402A2}
	EndGlobalSection
EndGlobal
